// !$*UTF8*$!
{
	archiveVersion = 1;
	classes = {
	};
	objectVersion = 46;
	objects = {

/* Begin PBXBuildFile section */
		525781F11A0ED66700FFC7E1 /* CoreData.framework in Frameworks */ = {isa = PBXBuildFile; fileRef = 525781F01A0ED66700FFC7E1 /* CoreData.framework */; };
		525781F31A0ED68000FFC7E1 /* UIKit.framework in Frameworks */ = {isa = PBXBuildFile; fileRef = 525781F21A0ED68000FFC7E1 /* UIKit.framework */; };
		525781F51A0ED68A00FFC7E1 /* Foundation.framework in Frameworks */ = {isa = PBXBuildFile; fileRef = 525781F41A0ED68A00FFC7E1 /* Foundation.framework */; };
		525781F71A0ED6DD00FFC7E1 /* LaunchScreen.xib in Resources */ = {isa = PBXBuildFile; fileRef = 528D81221A09E9E7008DADF2 /* LaunchScreen.xib */; };
		525781F81A0ED6E900FFC7E1 /* Main.storyboard in Resources */ = {isa = PBXBuildFile; fileRef = 528D811D1A09E9E7008DADF2 /* Main.storyboard */; };
		525781FA1A0ED72E00FFC7E1 /* MobileCoreServices.framework in Frameworks */ = {isa = PBXBuildFile; fileRef = 525781F91A0ED72E00FFC7E1 /* MobileCoreServices.framework */; };
		525781FC1A0ED73E00FFC7E1 /* SystemConfiguration.framework in Frameworks */ = {isa = PBXBuildFile; fileRef = 525781FB1A0ED73E00FFC7E1 /* SystemConfiguration.framework */; };
		527ACA351A0ED4B30052037E /* NSArray+ObjectiveSugar.m in Sources */ = {isa = PBXBuildFile; fileRef = 527ACA291A0ED4B30052037E /* NSArray+ObjectiveSugar.m */; };
		527ACA361A0ED4B30052037E /* NSDictionary+ObjectiveSugar.m in Sources */ = {isa = PBXBuildFile; fileRef = 527ACA2B1A0ED4B30052037E /* NSDictionary+ObjectiveSugar.m */; };
		527ACA371A0ED4B30052037E /* NSMutableArray+ObjectiveSugar.m in Sources */ = {isa = PBXBuildFile; fileRef = 527ACA2D1A0ED4B30052037E /* NSMutableArray+ObjectiveSugar.m */; };
		527ACA381A0ED4B30052037E /* NSNumber+ObjectiveSugar.m in Sources */ = {isa = PBXBuildFile; fileRef = 527ACA2F1A0ED4B30052037E /* NSNumber+ObjectiveSugar.m */; };
		527ACA391A0ED4B30052037E /* NSSet+ObjectiveSugar.m in Sources */ = {isa = PBXBuildFile; fileRef = 527ACA311A0ED4B30052037E /* NSSet+ObjectiveSugar.m */; };
		527ACA3A1A0ED4B30052037E /* NSString+ObjectiveSugar.m in Sources */ = {isa = PBXBuildFile; fileRef = 527ACA331A0ED4B30052037E /* NSString+ObjectiveSugar.m */; };
		527ACA421A0ED4C30052037E /* CoreDataManager.m in Sources */ = {isa = PBXBuildFile; fileRef = 527ACA3C1A0ED4C30052037E /* CoreDataManager.m */; };
		527ACA431A0ED4C30052037E /* NSManagedObject+ActiveRecord.m in Sources */ = {isa = PBXBuildFile; fileRef = 527ACA3E1A0ED4C30052037E /* NSManagedObject+ActiveRecord.m */; };
		527ACA441A0ED4C30052037E /* NSManagedObject+Mappings.m in Sources */ = {isa = PBXBuildFile; fileRef = 527ACA401A0ED4C30052037E /* NSManagedObject+Mappings.m */; };
		528D81171A09E9E7008DADF2 /* AppDelegate.swift in Sources */ = {isa = PBXBuildFile; fileRef = 528D81161A09E9E7008DADF2 /* AppDelegate.swift */; };
		528D811A1A09E9E7008DADF2 /* Hendrix_Course_Scheduler.xcdatamodeld in Sources */ = {isa = PBXBuildFile; fileRef = 528D81181A09E9E7008DADF2 /* Hendrix_Course_Scheduler.xcdatamodeld */; };
		528D811C1A09E9E7008DADF2 /* CoursesViewController.swift in Sources */ = {isa = PBXBuildFile; fileRef = 528D811B1A09E9E7008DADF2 /* CoursesViewController.swift */; };
		528D81211A09E9E7008DADF2 /* Images.xcassets in Resources */ = {isa = PBXBuildFile; fileRef = 528D81201A09E9E7008DADF2 /* Images.xcassets */; };
		528D81301A09E9E7008DADF2 /* Hendrix_Course_SchedulerTests.swift in Sources */ = {isa = PBXBuildFile; fileRef = 528D812F1A09E9E7008DADF2 /* Hendrix_Course_SchedulerTests.swift */; };
/* End PBXBuildFile section */

/* Begin PBXContainerItemProxy section */
		528D812A1A09E9E7008DADF2 /* PBXContainerItemProxy */ = {
			isa = PBXContainerItemProxy;
			containerPortal = 528D81091A09E9E7008DADF2 /* Project object */;
			proxyType = 1;
			remoteGlobalIDString = 528D81101A09E9E7008DADF2;
			remoteInfo = "Hendrix Course Scheduler";
		};
/* End PBXContainerItemProxy section */

/* Begin PBXFileReference section */
		525781F01A0ED66700FFC7E1 /* CoreData.framework */ = {isa = PBXFileReference; lastKnownFileType = wrapper.framework; name = CoreData.framework; path = System/Library/Frameworks/CoreData.framework; sourceTree = SDKROOT; };
		525781F21A0ED68000FFC7E1 /* UIKit.framework */ = {isa = PBXFileReference; lastKnownFileType = wrapper.framework; name = UIKit.framework; path = System/Library/Frameworks/UIKit.framework; sourceTree = SDKROOT; };
		525781F41A0ED68A00FFC7E1 /* Foundation.framework */ = {isa = PBXFileReference; lastKnownFileType = wrapper.framework; name = Foundation.framework; path = System/Library/Frameworks/Foundation.framework; sourceTree = SDKROOT; };
		525781F91A0ED72E00FFC7E1 /* MobileCoreServices.framework */ = {isa = PBXFileReference; lastKnownFileType = wrapper.framework; name = MobileCoreServices.framework; path = System/Library/Frameworks/MobileCoreServices.framework; sourceTree = SDKROOT; };
		525781FB1A0ED73E00FFC7E1 /* SystemConfiguration.framework */ = {isa = PBXFileReference; lastKnownFileType = wrapper.framework; name = SystemConfiguration.framework; path = System/Library/Frameworks/SystemConfiguration.framework; sourceTree = SDKROOT; };
		527ACA271A0ED4B20052037E /* Hendrix Course Scheduler-Bridging-Header.h */ = {isa = PBXFileReference; lastKnownFileType = sourcecode.c.h; path = "Hendrix Course Scheduler-Bridging-Header.h"; sourceTree = "<group>"; };
		527ACA281A0ED4B30052037E /* NSArray+ObjectiveSugar.h */ = {isa = PBXFileReference; fileEncoding = 4; lastKnownFileType = sourcecode.c.h; path = "NSArray+ObjectiveSugar.h"; sourceTree = "<group>"; };
		527ACA291A0ED4B30052037E /* NSArray+ObjectiveSugar.m */ = {isa = PBXFileReference; fileEncoding = 4; lastKnownFileType = sourcecode.c.objc; path = "NSArray+ObjectiveSugar.m"; sourceTree = "<group>"; };
		527ACA2A1A0ED4B30052037E /* NSDictionary+ObjectiveSugar.h */ = {isa = PBXFileReference; fileEncoding = 4; lastKnownFileType = sourcecode.c.h; path = "NSDictionary+ObjectiveSugar.h"; sourceTree = "<group>"; };
		527ACA2B1A0ED4B30052037E /* NSDictionary+ObjectiveSugar.m */ = {isa = PBXFileReference; fileEncoding = 4; lastKnownFileType = sourcecode.c.objc; path = "NSDictionary+ObjectiveSugar.m"; sourceTree = "<group>"; };
		527ACA2C1A0ED4B30052037E /* NSMutableArray+ObjectiveSugar.h */ = {isa = PBXFileReference; fileEncoding = 4; lastKnownFileType = sourcecode.c.h; path = "NSMutableArray+ObjectiveSugar.h"; sourceTree = "<group>"; };
		527ACA2D1A0ED4B30052037E /* NSMutableArray+ObjectiveSugar.m */ = {isa = PBXFileReference; fileEncoding = 4; lastKnownFileType = sourcecode.c.objc; path = "NSMutableArray+ObjectiveSugar.m"; sourceTree = "<group>"; };
		527ACA2E1A0ED4B30052037E /* NSNumber+ObjectiveSugar.h */ = {isa = PBXFileReference; fileEncoding = 4; lastKnownFileType = sourcecode.c.h; path = "NSNumber+ObjectiveSugar.h"; sourceTree = "<group>"; };
		527ACA2F1A0ED4B30052037E /* NSNumber+ObjectiveSugar.m */ = {isa = PBXFileReference; fileEncoding = 4; lastKnownFileType = sourcecode.c.objc; path = "NSNumber+ObjectiveSugar.m"; sourceTree = "<group>"; };
		527ACA301A0ED4B30052037E /* NSSet+ObjectiveSugar.h */ = {isa = PBXFileReference; fileEncoding = 4; lastKnownFileType = sourcecode.c.h; path = "NSSet+ObjectiveSugar.h"; sourceTree = "<group>"; };
		527ACA311A0ED4B30052037E /* NSSet+ObjectiveSugar.m */ = {isa = PBXFileReference; fileEncoding = 4; lastKnownFileType = sourcecode.c.objc; path = "NSSet+ObjectiveSugar.m"; sourceTree = "<group>"; };
		527ACA321A0ED4B30052037E /* NSString+ObjectiveSugar.h */ = {isa = PBXFileReference; fileEncoding = 4; lastKnownFileType = sourcecode.c.h; path = "NSString+ObjectiveSugar.h"; sourceTree = "<group>"; };
		527ACA331A0ED4B30052037E /* NSString+ObjectiveSugar.m */ = {isa = PBXFileReference; fileEncoding = 4; lastKnownFileType = sourcecode.c.objc; path = "NSString+ObjectiveSugar.m"; sourceTree = "<group>"; };
		527ACA341A0ED4B30052037E /* ObjectiveSugar.h */ = {isa = PBXFileReference; fileEncoding = 4; lastKnownFileType = sourcecode.c.h; path = ObjectiveSugar.h; sourceTree = "<group>"; };
		527ACA3B1A0ED4C30052037E /* CoreDataManager.h */ = {isa = PBXFileReference; fileEncoding = 4; lastKnownFileType = sourcecode.c.h; path = CoreDataManager.h; sourceTree = "<group>"; };
		527ACA3C1A0ED4C30052037E /* CoreDataManager.m */ = {isa = PBXFileReference; fileEncoding = 4; lastKnownFileType = sourcecode.c.objc; path = CoreDataManager.m; sourceTree = "<group>"; };
		527ACA3D1A0ED4C30052037E /* NSManagedObject+ActiveRecord.h */ = {isa = PBXFileReference; fileEncoding = 4; lastKnownFileType = sourcecode.c.h; path = "NSManagedObject+ActiveRecord.h"; sourceTree = "<group>"; };
		527ACA3E1A0ED4C30052037E /* NSManagedObject+ActiveRecord.m */ = {isa = PBXFileReference; fileEncoding = 4; lastKnownFileType = sourcecode.c.objc; path = "NSManagedObject+ActiveRecord.m"; sourceTree = "<group>"; };
		527ACA3F1A0ED4C30052037E /* NSManagedObject+Mappings.h */ = {isa = PBXFileReference; fileEncoding = 4; lastKnownFileType = sourcecode.c.h; path = "NSManagedObject+Mappings.h"; sourceTree = "<group>"; };
		527ACA401A0ED4C30052037E /* NSManagedObject+Mappings.m */ = {isa = PBXFileReference; fileEncoding = 4; lastKnownFileType = sourcecode.c.objc; path = "NSManagedObject+Mappings.m"; sourceTree = "<group>"; };
		527ACA411A0ED4C30052037E /* ObjectiveRecord.h */ = {isa = PBXFileReference; fileEncoding = 4; lastKnownFileType = sourcecode.c.h; path = ObjectiveRecord.h; sourceTree = "<group>"; };
		528D81111A09E9E7008DADF2 /* Hendrix Course Scheduler.app */ = {isa = PBXFileReference; explicitFileType = wrapper.application; includeInIndex = 0; path = "Hendrix Course Scheduler.app"; sourceTree = BUILT_PRODUCTS_DIR; };
		528D81151A09E9E7008DADF2 /* Info.plist */ = {isa = PBXFileReference; lastKnownFileType = text.plist.xml; path = Info.plist; sourceTree = "<group>"; };
		528D81161A09E9E7008DADF2 /* AppDelegate.swift */ = {isa = PBXFileReference; lastKnownFileType = sourcecode.swift; path = AppDelegate.swift; sourceTree = "<group>"; };
		528D81191A09E9E7008DADF2 /* Hendrix_Course_Scheduler.xcdatamodel */ = {isa = PBXFileReference; lastKnownFileType = wrapper.xcdatamodel; path = Hendrix_Course_Scheduler.xcdatamodel; sourceTree = "<group>"; };
		528D811B1A09E9E7008DADF2 /* CoursesViewController.swift */ = {isa = PBXFileReference; lastKnownFileType = sourcecode.swift; path = CoursesViewController.swift; sourceTree = "<group>"; };
		528D811E1A09E9E7008DADF2 /* Base */ = {isa = PBXFileReference; lastKnownFileType = file.storyboard; name = Base; path = Base.lproj/Main.storyboard; sourceTree = "<group>"; };
		528D81201A09E9E7008DADF2 /* Images.xcassets */ = {isa = PBXFileReference; lastKnownFileType = folder.assetcatalog; path = Images.xcassets; sourceTree = "<group>"; };
		528D81231A09E9E7008DADF2 /* Base */ = {isa = PBXFileReference; lastKnownFileType = file.xib; name = Base; path = Base.lproj/LaunchScreen.xib; sourceTree = "<group>"; };
		528D81291A09E9E7008DADF2 /* Hendrix Course SchedulerTests.xctest */ = {isa = PBXFileReference; explicitFileType = wrapper.cfbundle; includeInIndex = 0; path = "Hendrix Course SchedulerTests.xctest"; sourceTree = BUILT_PRODUCTS_DIR; };
		528D812E1A09E9E7008DADF2 /* Info.plist */ = {isa = PBXFileReference; lastKnownFileType = text.plist.xml; path = Info.plist; sourceTree = "<group>"; };
		528D812F1A09E9E7008DADF2 /* Hendrix_Course_SchedulerTests.swift */ = {isa = PBXFileReference; lastKnownFileType = sourcecode.swift; path = Hendrix_Course_SchedulerTests.swift; sourceTree = "<group>"; };
/* End PBXFileReference section */

/* Begin PBXFrameworksBuildPhase section */
		528D810E1A09E9E7008DADF2 /* Frameworks */ = {
			isa = PBXFrameworksBuildPhase;
			buildActionMask = 2147483647;
			files = (
				525781FC1A0ED73E00FFC7E1 /* SystemConfiguration.framework in Frameworks */,
				525781FA1A0ED72E00FFC7E1 /* MobileCoreServices.framework in Frameworks */,
				525781F51A0ED68A00FFC7E1 /* Foundation.framework in Frameworks */,
				525781F31A0ED68000FFC7E1 /* UIKit.framework in Frameworks */,
				525781F11A0ED66700FFC7E1 /* CoreData.framework in Frameworks */,
			);
			runOnlyForDeploymentPostprocessing = 0;
		};
		528D81261A09E9E7008DADF2 /* Frameworks */ = {
			isa = PBXFrameworksBuildPhase;
			buildActionMask = 2147483647;
			files = (
			);
			runOnlyForDeploymentPostprocessing = 0;
		};
/* End PBXFrameworksBuildPhase section */

/* Begin PBXGroup section */
		525781FD1A0ED7B200FFC7E1 /* Frameworks */ = {
			isa = PBXGroup;
			children = (
				525781FB1A0ED73E00FFC7E1 /* SystemConfiguration.framework */,
				525781F91A0ED72E00FFC7E1 /* MobileCoreServices.framework */,
				525781F41A0ED68A00FFC7E1 /* Foundation.framework */,
				525781F21A0ED68000FFC7E1 /* UIKit.framework */,
				525781F01A0ED66700FFC7E1 /* CoreData.framework */,
			);
			name = Frameworks;
			sourceTree = "<group>";
		};
		527ACA221A0ED4010052037E /* Data */ = {
			isa = PBXGroup;
			children = (
			);
			name = Data;
			sourceTree = "<group>";
		};
		527ACA231A0ED40C0052037E /* View Controllers */ = {
			isa = PBXGroup;
			children = (
			);
			name = "View Controllers";
			sourceTree = "<group>";
		};
		527ACA241A0ED4160052037E /* Core Data */ = {
			isa = PBXGroup;
			children = (
			);
			name = "Core Data";
			sourceTree = "<group>";
		};
		527ACA251A0ED4770052037E /* Objective Sugar */ = {
			isa = PBXGroup;
			children = (
				527ACA281A0ED4B30052037E /* NSArray+ObjectiveSugar.h */,
				527ACA291A0ED4B30052037E /* NSArray+ObjectiveSugar.m */,
				527ACA2A1A0ED4B30052037E /* NSDictionary+ObjectiveSugar.h */,
				527ACA2B1A0ED4B30052037E /* NSDictionary+ObjectiveSugar.m */,
				527ACA2C1A0ED4B30052037E /* NSMutableArray+ObjectiveSugar.h */,
				527ACA2D1A0ED4B30052037E /* NSMutableArray+ObjectiveSugar.m */,
				527ACA2E1A0ED4B30052037E /* NSNumber+ObjectiveSugar.h */,
				527ACA2F1A0ED4B30052037E /* NSNumber+ObjectiveSugar.m */,
				527ACA301A0ED4B30052037E /* NSSet+ObjectiveSugar.h */,
				527ACA311A0ED4B30052037E /* NSSet+ObjectiveSugar.m */,
				527ACA321A0ED4B30052037E /* NSString+ObjectiveSugar.h */,
				527ACA331A0ED4B30052037E /* NSString+ObjectiveSugar.m */,
				527ACA341A0ED4B30052037E /* ObjectiveSugar.h */,
			);
			name = "Objective Sugar";
			sourceTree = "<group>";
		};
		527ACA261A0ED47E0052037E /* Objective Record */ = {
			isa = PBXGroup;
			children = (
				527ACA3B1A0ED4C30052037E /* CoreDataManager.h */,
				527ACA3C1A0ED4C30052037E /* CoreDataManager.m */,
				527ACA3D1A0ED4C30052037E /* NSManagedObject+ActiveRecord.h */,
				527ACA3E1A0ED4C30052037E /* NSManagedObject+ActiveRecord.m */,
				527ACA3F1A0ED4C30052037E /* NSManagedObject+Mappings.h */,
				527ACA401A0ED4C30052037E /* NSManagedObject+Mappings.m */,
				527ACA411A0ED4C30052037E /* ObjectiveRecord.h */,
			);
			name = "Objective Record";
			sourceTree = "<group>";
		};
		528D81081A09E9E7008DADF2 = {
			isa = PBXGroup;
			children = (
				528D81131A09E9E7008DADF2 /* Hendrix Course Scheduler */,
				528D812C1A09E9E7008DADF2 /* Hendrix Course SchedulerTests */,
				528D81121A09E9E7008DADF2 /* Products */,
			);
			sourceTree = "<group>";
		};
		528D81121A09E9E7008DADF2 /* Products */ = {
			isa = PBXGroup;
			children = (
				528D81111A09E9E7008DADF2 /* Hendrix Course Scheduler.app */,
				528D81291A09E9E7008DADF2 /* Hendrix Course SchedulerTests.xctest */,
			);
			name = Products;
			sourceTree = "<group>";
		};
		528D81131A09E9E7008DADF2 /* Hendrix Course Scheduler */ = {
			isa = PBXGroup;
			children = (
				525781FD1A0ED7B200FFC7E1 /* Frameworks */,
				527ACA261A0ED47E0052037E /* Objective Record */,
				527ACA251A0ED4770052037E /* Objective Sugar */,
				527ACA241A0ED4160052037E /* Core Data */,
				527ACA231A0ED40C0052037E /* View Controllers */,
				527ACA221A0ED4010052037E /* Data */,
				528D81161A09E9E7008DADF2 /* AppDelegate.swift */,
				528D811B1A09E9E7008DADF2 /* CoursesViewController.swift */,
				528D811D1A09E9E7008DADF2 /* Main.storyboard */,
				528D81201A09E9E7008DADF2 /* Images.xcassets */,
				528D81221A09E9E7008DADF2 /* LaunchScreen.xib */,
				528D81181A09E9E7008DADF2 /* Hendrix_Course_Scheduler.xcdatamodeld */,
				528D81141A09E9E7008DADF2 /* Supporting Files */,
			);
			path = "Hendrix Course Scheduler";
			sourceTree = "<group>";
		};
		528D81141A09E9E7008DADF2 /* Supporting Files */ = {
			isa = PBXGroup;
			children = (
				527ACA271A0ED4B20052037E /* Hendrix Course Scheduler-Bridging-Header.h */,
				528D81151A09E9E7008DADF2 /* Info.plist */,
			);
			name = "Supporting Files";
			sourceTree = "<group>";
		};
		528D812C1A09E9E7008DADF2 /* Hendrix Course SchedulerTests */ = {
			isa = PBXGroup;
			children = (
				528D812F1A09E9E7008DADF2 /* Hendrix_Course_SchedulerTests.swift */,
				528D812D1A09E9E7008DADF2 /* Supporting Files */,
			);
			path = "Hendrix Course SchedulerTests";
			sourceTree = "<group>";
		};
		528D812D1A09E9E7008DADF2 /* Supporting Files */ = {
			isa = PBXGroup;
			children = (
				528D812E1A09E9E7008DADF2 /* Info.plist */,
			);
			name = "Supporting Files";
			sourceTree = "<group>";
		};
/* End PBXGroup section */

/* Begin PBXNativeTarget section */
		528D81101A09E9E7008DADF2 /* Hendrix Course Scheduler */ = {
			isa = PBXNativeTarget;
			buildConfigurationList = 528D81331A09E9E7008DADF2 /* Build configuration list for PBXNativeTarget "Hendrix Course Scheduler" */;
			buildPhases = (
				528D810D1A09E9E7008DADF2 /* Sources */,
				528D810E1A09E9E7008DADF2 /* Frameworks */,
				528D810F1A09E9E7008DADF2 /* Resources */,
			);
			buildRules = (
			);
			dependencies = (
			);
			name = "Hendrix Course Scheduler";
			productName = "Hendrix Course Scheduler";
			productReference = 528D81111A09E9E7008DADF2 /* Hendrix Course Scheduler.app */;
			productType = "com.apple.product-type.application";
		};
		528D81281A09E9E7008DADF2 /* Hendrix Course SchedulerTests */ = {
			isa = PBXNativeTarget;
			buildConfigurationList = 528D81361A09E9E7008DADF2 /* Build configuration list for PBXNativeTarget "Hendrix Course SchedulerTests" */;
			buildPhases = (
				528D81251A09E9E7008DADF2 /* Sources */,
				528D81261A09E9E7008DADF2 /* Frameworks */,
				528D81271A09E9E7008DADF2 /* Resources */,
			);
			buildRules = (
			);
			dependencies = (
				528D812B1A09E9E7008DADF2 /* PBXTargetDependency */,
			);
			name = "Hendrix Course SchedulerTests";
			productName = "Hendrix Course SchedulerTests";
			productReference = 528D81291A09E9E7008DADF2 /* Hendrix Course SchedulerTests.xctest */;
			productType = "com.apple.product-type.bundle.unit-test";
		};
/* End PBXNativeTarget section */

/* Begin PBXProject section */
		528D81091A09E9E7008DADF2 /* Project object */ = {
			isa = PBXProject;
			attributes = {
				LastUpgradeCheck = 0610;
				ORGANIZATIONNAME = "Survey Dream";
				TargetAttributes = {
					528D81101A09E9E7008DADF2 = {
						CreatedOnToolsVersion = 6.1;
					};
					528D81281A09E9E7008DADF2 = {
						CreatedOnToolsVersion = 6.1;
						TestTargetID = 528D81101A09E9E7008DADF2;
					};
				};
			};
			buildConfigurationList = 528D810C1A09E9E7008DADF2 /* Build configuration list for PBXProject "Hendrix Course Scheduler" */;
			compatibilityVersion = "Xcode 3.2";
			developmentRegion = English;
			hasScannedForEncodings = 0;
			knownRegions = (
				en,
				Base,
			);
			mainGroup = 528D81081A09E9E7008DADF2;
			productRefGroup = 528D81121A09E9E7008DADF2 /* Products */;
			projectDirPath = "";
			projectRoot = "";
			targets = (
				528D81101A09E9E7008DADF2 /* Hendrix Course Scheduler */,
				528D81281A09E9E7008DADF2 /* Hendrix Course SchedulerTests */,
			);
		};
/* End PBXProject section */

/* Begin PBXResourcesBuildPhase section */
		528D810F1A09E9E7008DADF2 /* Resources */ = {
			isa = PBXResourcesBuildPhase;
			buildActionMask = 2147483647;
			files = (
				528D81211A09E9E7008DADF2 /* Images.xcassets in Resources */,
				525781F71A0ED6DD00FFC7E1 /* LaunchScreen.xib in Resources */,
				525781F81A0ED6E900FFC7E1 /* Main.storyboard in Resources */,
			);
			runOnlyForDeploymentPostprocessing = 0;
		};
		528D81271A09E9E7008DADF2 /* Resources */ = {
			isa = PBXResourcesBuildPhase;
			buildActionMask = 2147483647;
			files = (
			);
			runOnlyForDeploymentPostprocessing = 0;
		};
/* End PBXResourcesBuildPhase section */

/* Begin PBXSourcesBuildPhase section */
		528D810D1A09E9E7008DADF2 /* Sources */ = {
			isa = PBXSourcesBuildPhase;
			buildActionMask = 2147483647;
			files = (
				528D811C1A09E9E7008DADF2 /* CoursesViewController.swift in Sources */,
				527ACA381A0ED4B30052037E /* NSNumber+ObjectiveSugar.m in Sources */,
				527ACA421A0ED4C30052037E /* CoreDataManager.m in Sources */,
				528D81171A09E9E7008DADF2 /* AppDelegate.swift in Sources */,
				528D811A1A09E9E7008DADF2 /* Hendrix_Course_Scheduler.xcdatamodeld in Sources */,
				527ACA361A0ED4B30052037E /* NSDictionary+ObjectiveSugar.m in Sources */,
				527ACA3A1A0ED4B30052037E /* NSString+ObjectiveSugar.m in Sources */,
				527ACA371A0ED4B30052037E /* NSMutableArray+ObjectiveSugar.m in Sources */,
				527ACA441A0ED4C30052037E /* NSManagedObject+Mappings.m in Sources */,
				527ACA391A0ED4B30052037E /* NSSet+ObjectiveSugar.m in Sources */,
				527ACA431A0ED4C30052037E /* NSManagedObject+ActiveRecord.m in Sources */,
				527ACA351A0ED4B30052037E /* NSArray+ObjectiveSugar.m in Sources */,
			);
			runOnlyForDeploymentPostprocessing = 0;
		};
		528D81251A09E9E7008DADF2 /* Sources */ = {
			isa = PBXSourcesBuildPhase;
			buildActionMask = 2147483647;
			files = (
				528D81301A09E9E7008DADF2 /* Hendrix_Course_SchedulerTests.swift in Sources */,
			);
			runOnlyForDeploymentPostprocessing = 0;
		};
/* End PBXSourcesBuildPhase section */

/* Begin PBXTargetDependency section */
		528D812B1A09E9E7008DADF2 /* PBXTargetDependency */ = {
			isa = PBXTargetDependency;
			target = 528D81101A09E9E7008DADF2 /* Hendrix Course Scheduler */;
			targetProxy = 528D812A1A09E9E7008DADF2 /* PBXContainerItemProxy */;
		};
/* End PBXTargetDependency section */

/* Begin PBXVariantGroup section */
		528D811D1A09E9E7008DADF2 /* Main.storyboard */ = {
			isa = PBXVariantGroup;
			children = (
				528D811E1A09E9E7008DADF2 /* Base */,
			);
			name = Main.storyboard;
			sourceTree = "<group>";
		};
		528D81221A09E9E7008DADF2 /* LaunchScreen.xib */ = {
			isa = PBXVariantGroup;
			children = (
				528D81231A09E9E7008DADF2 /* Base */,
			);
			name = LaunchScreen.xib;
			sourceTree = "<group>";
		};
/* End PBXVariantGroup section */

/* Begin XCBuildConfiguration section */
		528D81311A09E9E7008DADF2 /* Debug */ = {
			isa = XCBuildConfiguration;
			buildSettings = {
				ALWAYS_SEARCH_USER_PATHS = NO;
				CLANG_CXX_LANGUAGE_STANDARD = "gnu++0x";
				CLANG_CXX_LIBRARY = "libc++";
				CLANG_ENABLE_MODULES = YES;
				CLANG_ENABLE_OBJC_ARC = YES;
				CLANG_WARN_BOOL_CONVERSION = YES;
				CLANG_WARN_CONSTANT_CONVERSION = YES;
				CLANG_WARN_DIRECT_OBJC_ISA_USAGE = YES_ERROR;
				CLANG_WARN_EMPTY_BODY = YES;
				CLANG_WARN_ENUM_CONVERSION = YES;
				CLANG_WARN_INT_CONVERSION = YES;
				CLANG_WARN_OBJC_ROOT_CLASS = YES_ERROR;
				CLANG_WARN_UNREACHABLE_CODE = YES;
				CLANG_WARN__DUPLICATE_METHOD_MATCH = YES;
				"CODE_SIGN_IDENTITY[sdk=iphoneos*]" = "iPhone Developer";
				COPY_PHASE_STRIP = NO;
				ENABLE_STRICT_OBJC_MSGSEND = YES;
				GCC_C_LANGUAGE_STANDARD = gnu99;
				GCC_DYNAMIC_NO_PIC = NO;
				GCC_OPTIMIZATION_LEVEL = 0;
				GCC_PREPROCESSOR_DEFINITIONS = (
					"DEBUG=1",
					"$(inherited)",
				);
				GCC_SYMBOLS_PRIVATE_EXTERN = NO;
				GCC_WARN_64_TO_32_BIT_CONVERSION = YES;
				GCC_WARN_ABOUT_RETURN_TYPE = YES_ERROR;
				GCC_WARN_UNDECLARED_SELECTOR = YES;
				GCC_WARN_UNINITIALIZED_AUTOS = YES_AGGRESSIVE;
				GCC_WARN_UNUSED_FUNCTION = YES;
				GCC_WARN_UNUSED_VARIABLE = YES;
				IPHONEOS_DEPLOYMENT_TARGET = 8.1;
				MTL_ENABLE_DEBUG_INFO = YES;
				ONLY_ACTIVE_ARCH = YES;
				SDKROOT = iphoneos;
				SWIFT_OPTIMIZATION_LEVEL = "-Onone";
				TARGETED_DEVICE_FAMILY = 2;
			};
			name = Debug;
		};
		528D81321A09E9E7008DADF2 /* Release */ = {
			isa = XCBuildConfiguration;
			buildSettings = {
				ALWAYS_SEARCH_USER_PATHS = NO;
				CLANG_CXX_LANGUAGE_STANDARD = "gnu++0x";
				CLANG_CXX_LIBRARY = "libc++";
				CLANG_ENABLE_MODULES = YES;
				CLANG_ENABLE_OBJC_ARC = YES;
				CLANG_WARN_BOOL_CONVERSION = YES;
				CLANG_WARN_CONSTANT_CONVERSION = YES;
				CLANG_WARN_DIRECT_OBJC_ISA_USAGE = YES_ERROR;
				CLANG_WARN_EMPTY_BODY = YES;
				CLANG_WARN_ENUM_CONVERSION = YES;
				CLANG_WARN_INT_CONVERSION = YES;
				CLANG_WARN_OBJC_ROOT_CLASS = YES_ERROR;
				CLANG_WARN_UNREACHABLE_CODE = YES;
				CLANG_WARN__DUPLICATE_METHOD_MATCH = YES;
				"CODE_SIGN_IDENTITY[sdk=iphoneos*]" = "iPhone Developer";
				COPY_PHASE_STRIP = YES;
				ENABLE_NS_ASSERTIONS = NO;
				ENABLE_STRICT_OBJC_MSGSEND = YES;
				GCC_C_LANGUAGE_STANDARD = gnu99;
				GCC_WARN_64_TO_32_BIT_CONVERSION = YES;
				GCC_WARN_ABOUT_RETURN_TYPE = YES_ERROR;
				GCC_WARN_UNDECLARED_SELECTOR = YES;
				GCC_WARN_UNINITIALIZED_AUTOS = YES_AGGRESSIVE;
				GCC_WARN_UNUSED_FUNCTION = YES;
				GCC_WARN_UNUSED_VARIABLE = YES;
				IPHONEOS_DEPLOYMENT_TARGET = 8.1;
				MTL_ENABLE_DEBUG_INFO = NO;
				SDKROOT = iphoneos;
				TARGETED_DEVICE_FAMILY = 2;
				VALIDATE_PRODUCT = YES;
			};
			name = Release;
		};
		528D81341A09E9E7008DADF2 /* Debug */ = {
			isa = XCBuildConfiguration;
			buildSettings = {
				ASSETCATALOG_COMPILER_APPICON_NAME = AppIcon;
				CLANG_ENABLE_MODULES = YES;
				INFOPLIST_FILE = "Hendrix Course Scheduler/Info.plist";
				LD_RUNPATH_SEARCH_PATHS = "$(inherited) @executable_path/Frameworks";
				PRODUCT_NAME = "$(TARGET_NAME)";
				SWIFT_OBJC_BRIDGING_HEADER = "Hendrix Course Scheduler/Hendrix Course Scheduler-Bridging-Header.h";
				SWIFT_OPTIMIZATION_LEVEL = "-Onone";
			};
			name = Debug;
		};
		528D81351A09E9E7008DADF2 /* Release */ = {
			isa = XCBuildConfiguration;
			buildSettings = {
				ASSETCATALOG_COMPILER_APPICON_NAME = AppIcon;
				CLANG_ENABLE_MODULES = YES;
				INFOPLIST_FILE = "Hendrix Course Scheduler/Info.plist";
				LD_RUNPATH_SEARCH_PATHS = "$(inherited) @executable_path/Frameworks";
				PRODUCT_NAME = "$(TARGET_NAME)";
				SWIFT_OBJC_BRIDGING_HEADER = "Hendrix Course Scheduler/Hendrix Course Scheduler-Bridging-Header.h";
			};
			name = Release;
		};
		528D81371A09E9E7008DADF2 /* Debug */ = {
			isa = XCBuildConfiguration;
			buildSettings = {
				BUNDLE_LOADER = "$(TEST_HOST)";
				FRAMEWORK_SEARCH_PATHS = (
					"$(SDKROOT)/Developer/Library/Frameworks",
					"$(inherited)",
				);
				GCC_PREPROCESSOR_DEFINITIONS = (
					"DEBUG=1",
					"$(inherited)",
				);
				INFOPLIST_FILE = "Hendrix Course SchedulerTests/Info.plist";
				LD_RUNPATH_SEARCH_PATHS = "$(inherited) @executable_path/Frameworks @loader_path/Frameworks";
				PRODUCT_NAME = "$(TARGET_NAME)";
				TEST_HOST = "$(BUILT_PRODUCTS_DIR)/Hendrix Course Scheduler.app/Hendrix Course Scheduler";
			};
			name = Debug;
		};
		528D81381A09E9E7008DADF2 /* Release */ = {
			isa = XCBuildConfiguration;
			buildSettings = {
				BUNDLE_LOADER = "$(TEST_HOST)";
				FRAMEWORK_SEARCH_PATHS = (
					"$(SDKROOT)/Developer/Library/Frameworks",
					"$(inherited)",
				);
				INFOPLIST_FILE = "Hendrix Course SchedulerTests/Info.plist";
				LD_RUNPATH_SEARCH_PATHS = "$(inherited) @executable_path/Frameworks @loader_path/Frameworks";
				PRODUCT_NAME = "$(TARGET_NAME)";
				TEST_HOST = "$(BUILT_PRODUCTS_DIR)/Hendrix Course Scheduler.app/Hendrix Course Scheduler";
			};
			name = Release;
		};
/* End XCBuildConfiguration section */

/* Begin XCConfigurationList section */
		528D810C1A09E9E7008DADF2 /* Build configuration list for PBXProject "Hendrix Course Scheduler" */ = {
			isa = XCConfigurationList;
			buildConfigurations = (
				528D81311A09E9E7008DADF2 /* Debug */,
				528D81321A09E9E7008DADF2 /* Release */,
			);
			defaultConfigurationIsVisible = 0;
			defaultConfigurationName = Release;
		};
		528D81331A09E9E7008DADF2 /* Build configuration list for PBXNativeTarget "Hendrix Course Scheduler" */ = {
			isa = XCConfigurationList;
			buildConfigurations = (
				528D81341A09E9E7008DADF2 /* Debug */,
				528D81351A09E9E7008DADF2 /* Release */,
			);
			defaultConfigurationIsVisible = 0;
			defaultConfigurationName = Release;
		};
		528D81361A09E9E7008DADF2 /* Build configuration list for PBXNativeTarget "Hendrix Course SchedulerTests" */ = {
			isa = XCConfigurationList;
			buildConfigurations = (
				528D81371A09E9E7008DADF2 /* Debug */,
				528D81381A09E9E7008DADF2 /* Release */,
			);
			defaultConfigurationIsVisible = 0;
			defaultConfigurationName = Release;
		};
/* End XCConfigurationList section */

/* Begin XCVersionGroup section */
		528D81181A09E9E7008DADF2 /* Hendrix_Course_Scheduler.xcdatamodeld */ = {
			isa = XCVersionGroup;
			children = (
				528D81191A09E9E7008DADF2 /* Hendrix_Course_Scheduler.xcdatamodel */,
			);
			currentVersion = 528D81191A09E9E7008DADF2 /* Hendrix_Course_Scheduler.xcdatamodel */;
			path = Hendrix_Course_Scheduler.xcdatamodeld;
			sourceTree = "<group>";
			versionGroupType = wrapper.xcdatamodel;
		};
/* End XCVersionGroup section */
	};
	rootObject = 528D81091A09E9E7008DADF2 /* Project object */;
}
